
Microsoft Visual Studio Solution File, Format Version 12.00
# Visual Studio Version 17
VisualStudioVersion = 17.14.36511.14 d17.14
MinimumVisualStudioVersion = 10.0.40219.1
Project("{F2A71F9B-5D33-465A-A702-920D77279786}") = "HagenMorphDb", "HagenMorphDb\HagenMorphDb.fsproj", "{8001F95F-CD58-4E94-BA34-129FB040E775}"
EndProject
Project("{F2A71F9B-5D33-465A-A702-920D77279786}") = "CreateHagenMorphDb", "CreateHagenMorphDb\CreateHagenMorphDb.fsproj", "{0DD8697A-E1DD-465F-B36C-937525D8CC98}"
EndProject
Project("{FAE04EC0-301F-11D3-BF4B-00C04F79EFBC}") = "TestHagenMorphDb", "TestHagenMorphDb\TestHagenMorphDb.csproj", "{7BB48E2F-C26B-45D3-9B09-5D1B617FC69A}"
EndProject
Global
	GlobalSection(SolutionConfigurationPlatforms) = preSolution
		Debug|Any CPU = Debug|Any CPU
		Debug|x64 = Debug|x64
		Release|Any CPU = Release|Any CPU
		Release|x64 = Release|x64
	EndGlobalSection
	GlobalSection(ProjectConfigurationPlatforms) = postSolution
		{8001F95F-CD58-4E94-BA34-129FB040E775}.Debug|Any CPU.ActiveCfg = Debug|Any CPU
		{8001F95F-CD58-4E94-BA34-129FB040E775}.Debug|Any CPU.Build.0 = Debug|Any CPU
		{8001F95F-CD58-4E94-BA34-129FB040E775}.Debug|x64.ActiveCfg = Debug|x64
		{8001F95F-CD58-4E94-BA34-129FB040E775}.Debug|x64.Build.0 = Debug|x64
		{8001F95F-CD58-4E94-BA34-129FB040E775}.Release|Any CPU.ActiveCfg = Release|Any CPU
		{8001F95F-CD58-4E94-BA34-129FB040E775}.Release|Any CPU.Build.0 = Release|Any CPU
		{8001F95F-CD58-4E94-BA34-129FB040E775}.Release|x64.ActiveCfg = Release|Any CPU
		{8001F95F-CD58-4E94-BA34-129FB040E775}.Release|x64.Build.0 = Release|Any CPU
		{0DD8697A-E1DD-465F-B36C-937525D8CC98}.Debug|Any CPU.ActiveCfg = Debug|Any CPU
		{0DD8697A-E1DD-465F-B36C-937525D8CC98}.Debug|Any CPU.Build.0 = Debug|Any CPU
		{0DD8697A-E1DD-465F-B36C-937525D8CC98}.Debug|x64.ActiveCfg = Debug|x64
		{0DD8697A-E1DD-465F-B36C-937525D8CC98}.Debug|x64.Build.0 = Debug|x64
		{0DD8697A-E1DD-465F-B36C-937525D8CC98}.Release|Any CPU.ActiveCfg = Release|Any CPU
		{0DD8697A-E1DD-465F-B36C-937525D8CC98}.Release|Any CPU.Build.0 = Release|Any CPU
		{0DD8697A-E1DD-465F-B36C-937525D8CC98}.Release|x64.ActiveCfg = Release|x64
		{0DD8697A-E1DD-465F-B36C-937525D8CC98}.Release|x64.Build.0 = Release|x64
		{7BB48E2F-C26B-45D3-9B09-5D1B617FC69A}.Debug|Any CPU.ActiveCfg = Debug|Any CPU
		{7BB48E2F-C26B-45D3-9B09-5D1B617FC69A}.Debug|Any CPU.Build.0 = Debug|Any CPU
		{7BB48E2F-C26B-45D3-9B09-5D1B617FC69A}.Debug|x64.ActiveCfg = Debug|x64
		{7BB48E2F-C26B-45D3-9B09-5D1B617FC69A}.Debug|x64.Build.0 = Debug|x64
		{7BB48E2F-C26B-45D3-9B09-5D1B617FC69A}.Release|Any CPU.ActiveCfg = Release|Any CPU
		{7BB48E2F-C26B-45D3-9B09-5D1B617FC69A}.Release|Any CPU.Build.0 = Release|Any CPU
		{7BB48E2F-C26B-45D3-9B09-5D1B617FC69A}.Release|x64.ActiveCfg = Release|Any CPU
		{7BB48E2F-C26B-45D3-9B09-5D1B617FC69A}.Release|x64.Build.0 = Release|Any CPU
	EndGlobalSection
	GlobalSection(SolutionProperties) = preSolution
		HideSolutionNode = FALSE
	EndGlobalSection
	GlobalSection(ExtensibilityGlobals) = postSolution
		SolutionGuid = {D74896AD-9CA7-4C80-A2B6-A4A785A57EFB}
	EndGlobalSection
EndGlobal
